
Microsoft Visual Studio Solution File, Format Version 12.00
# Visual Studio Version 17
VisualStudioVersion = 17.3.32922.545
MinimumVisualStudioVersion = 10.0.40219.1
Project("{FAE04EC0-301F-11D3-BF4B-00C04F79EFBC}") = "OA_Web_Student", "OA_Web_Student\OA_Web_Student.csproj", "{3D4EA4CC-5B6B-4FA8-B81A-B558A64AC6F9}"
EndProject
Project("{FAE04EC0-301F-11D3-BF4B-00C04F79EFBC}") = "OA_Data", "OA_Data\OA_Data.csproj", "{7B823479-BFBA-4765-9394-59F162BFF3CE}"
EndProject
Project("{FAE04EC0-301F-11D3-BF4B-00C04F79EFBC}") = "OA_Repo", "OA_Repo\OA_Repo.csproj", "{33EADD8D-E151-4573-9C53-4DA9BFD8FE63}"
EndProject
Project("{FAE04EC0-301F-11D3-BF4B-00C04F79EFBC}") = "OA_Service", "OA_Service\OA_Service.csproj", "{26BBEF13-C757-46F8-A86D-D227DC3EE31F}"
EndProject
Global
	GlobalSection(SolutionConfigurationPlatforms) = preSolution
		Debug|Any CPU = Debug|Any CPU
		Release|Any CPU = Release|Any CPU
	EndGlobalSection
	GlobalSection(ProjectConfigurationPlatforms) = postSolution
		{3D4EA4CC-5B6B-4FA8-B81A-B558A64AC6F9}.Debug|Any CPU.ActiveCfg = Debug|Any CPU
		{3D4EA4CC-5B6B-4FA8-B81A-B558A64AC6F9}.Debug|Any CPU.Build.0 = Debug|Any CPU
		{3D4EA4CC-5B6B-4FA8-B81A-B558A64AC6F9}.Release|Any CPU.ActiveCfg = Release|Any CPU
		{3D4EA4CC-5B6B-4FA8-B81A-B558A64AC6F9}.Release|Any CPU.Build.0 = Release|Any CPU
		{7B823479-BFBA-4765-9394-59F162BFF3CE}.Debug|Any CPU.ActiveCfg = Debug|Any CPU
		{7B823479-BFBA-4765-9394-59F162BFF3CE}.Debug|Any CPU.Build.0 = Debug|Any CPU
		{7B823479-BFBA-4765-9394-59F162BFF3CE}.Release|Any CPU.ActiveCfg = Release|Any CPU
		{7B823479-BFBA-4765-9394-59F162BFF3CE}.Release|Any CPU.Build.0 = Release|Any CPU
		{33EADD8D-E151-4573-9C53-4DA9BFD8FE63}.Debug|Any CPU.ActiveCfg = Debug|Any CPU
		{33EADD8D-E151-4573-9C53-4DA9BFD8FE63}.Debug|Any CPU.Build.0 = Debug|Any CPU
		{33EADD8D-E151-4573-9C53-4DA9BFD8FE63}.Release|Any CPU.ActiveCfg = Release|Any CPU
		{33EADD8D-E151-4573-9C53-4DA9BFD8FE63}.Release|Any CPU.Build.0 = Release|Any CPU
		{26BBEF13-C757-46F8-A86D-D227DC3EE31F}.Debug|Any CPU.ActiveCfg = Debug|Any CPU
		{26BBEF13-C757-46F8-A86D-D227DC3EE31F}.Debug|Any CPU.Build.0 = Debug|Any CPU
		{26BBEF13-C757-46F8-A86D-D227DC3EE31F}.Release|Any CPU.ActiveCfg = Release|Any CPU
		{26BBEF13-C757-46F8-A86D-D227DC3EE31F}.Release|Any CPU.Build.0 = Release|Any CPU
	EndGlobalSection
	GlobalSection(SolutionProperties) = preSolution
		HideSolutionNode = FALSE
	EndGlobalSection
	GlobalSection(ExtensibilityGlobals) = postSolution
		SolutionGuid = {61BC402F-5941-4565-B8F4-94C886AA8189}
	EndGlobalSection
EndGlobal
